// !$*UTF8*$!
{
	archiveVersion = 1;
	classes = {
	};
	objectVersion = 50;
	objects = {

/* Begin PBXBuildFile section */
		063C408A2407C8F600D8999B /* AppDelegate.swift in Sources */ = {isa = PBXBuildFile; fileRef = 063C40892407C8F600D8999B /* AppDelegate.swift */; };
		063C408C2407C8F600D8999B /* SceneDelegate.swift in Sources */ = {isa = PBXBuildFile; fileRef = 063C408B2407C8F600D8999B /* SceneDelegate.swift */; };
		063C408E2407C8F600D8999B /* ViewController.swift in Sources */ = {isa = PBXBuildFile; fileRef = 063C408D2407C8F600D8999B /* ViewController.swift */; };
		063C40912407C8F600D8999B /* Main.storyboard in Resources */ = {isa = PBXBuildFile; fileRef = 063C408F2407C8F600D8999B /* Main.storyboard */; };
		063C40932407C8FA00D8999B /* Assets.xcassets in Resources */ = {isa = PBXBuildFile; fileRef = 063C40922407C8FA00D8999B /* Assets.xcassets */; };
		063C40962407C8FA00D8999B /* LaunchScreen.storyboard in Resources */ = {isa = PBXBuildFile; fileRef = 063C40942407C8FA00D8999B /* LaunchScreen.storyboard */; };
		063C40A12407C8FA00D8999B /* Parstagram2Tests.swift in Sources */ = {isa = PBXBuildFile; fileRef = 063C40A02407C8FA00D8999B /* Parstagram2Tests.swift */; };
		063C40AC2407C8FA00D8999B /* Parstagram2UITests.swift in Sources */ = {isa = PBXBuildFile; fileRef = 063C40AB2407C8FA00D8999B /* Parstagram2UITests.swift */; };
/* End PBXBuildFile section */

/* Begin PBXContainerItemProxy section */
		063C409D2407C8FA00D8999B /* PBXContainerItemProxy */ = {
			isa = PBXContainerItemProxy;
			containerPortal = 063C407E2407C8F600D8999B /* Project object */;
			proxyType = 1;
			remoteGlobalIDString = 063C40852407C8F600D8999B;
			remoteInfo = Parstagram2;
		};
		063C40A82407C8FA00D8999B /* PBXContainerItemProxy */ = {
			isa = PBXContainerItemProxy;
			containerPortal = 063C407E2407C8F600D8999B /* Project object */;
			proxyType = 1;
			remoteGlobalIDString = 063C40852407C8F600D8999B;
			remoteInfo = Parstagram2;
		};
/* End PBXContainerItemProxy section */

/* Begin PBXFileReference section */
		063C40862407C8F600D8999B /* Parstagram2.app */ = {isa = PBXFileReference; explicitFileType = wrapper.application; includeInIndex = 0; path = Parstagram2.app; sourceTree = BUILT_PRODUCTS_DIR; };
		063C40892407C8F600D8999B /* AppDelegate.swift */ = {isa = PBXFileReference; lastKnownFileType = sourcecode.swift; path = AppDelegate.swift; sourceTree = "<group>"; };
		063C408B2407C8F600D8999B /* SceneDelegate.swift */ = {isa = PBXFileReference; lastKnownFileType = sourcecode.swift; path = SceneDelegate.swift; sourceTree = "<group>"; };
		063C408D2407C8F600D8999B /* ViewController.swift */ = {isa = PBXFileReference; lastKnownFileType = sourcecode.swift; path = ViewController.swift; sourceTree = "<group>"; };
		063C40902407C8F600D8999B /* Base */ = {isa = PBXFileReference; lastKnownFileType = file.storyboard; name = Base; path = Base.lproj/Main.storyboard; sourceTree = "<group>"; };
		063C40922407C8FA00D8999B /* Assets.xcassets */ = {isa = PBXFileReference; lastKnownFileType = folder.assetcatalog; path = Assets.xcassets; sourceTree = "<group>"; };
		063C40952407C8FA00D8999B /* Base */ = {isa = PBXFileReference; lastKnownFileType = file.storyboard; name = Base; path = Base.lproj/LaunchScreen.storyboard; sourceTree = "<group>"; };
		063C40972407C8FA00D8999B /* Info.plist */ = {isa = PBXFileReference; lastKnownFileType = text.plist.xml; path = Info.plist; sourceTree = "<group>"; };
		063C409C2407C8FA00D8999B /* Parstagram2Tests.xctest */ = {isa = PBXFileReference; explicitFileType = wrapper.cfbundle; includeInIndex = 0; path = Parstagram2Tests.xctest; sourceTree = BUILT_PRODUCTS_DIR; };
		063C40A02407C8FA00D8999B /* Parstagram2Tests.swift */ = {isa = PBXFileReference; lastKnownFileType = sourcecode.swift; path = Parstagram2Tests.swift; sourceTree = "<group>"; };
		063C40A22407C8FA00D8999B /* Info.plist */ = {isa = PBXFileReference; lastKnownFileType = text.plist.xml; path = Info.plist; sourceTree = "<group>"; };
		063C40A72407C8FA00D8999B /* Parstagram2UITests.xctest */ = {isa = PBXFileReference; explicitFileType = wrapper.cfbundle; includeInIndex = 0; path = Parstagram2UITests.xctest; sourceTree = BUILT_PRODUCTS_DIR; };
		063C40AB2407C8FA00D8999B /* Parstagram2UITests.swift */ = {isa = PBXFileReference; lastKnownFileType = sourcecode.swift; path = Parstagram2UITests.swift; sourceTree = "<group>"; };
		063C40AD2407C8FA00D8999B /* Info.plist */ = {isa = PBXFileReference; lastKnownFileType = text.plist.xml; path = Info.plist; sourceTree = "<group>"; };
/* End PBXFileReference section */

/* Begin PBXFrameworksBuildPhase section */
		063C40832407C8F600D8999B /* Frameworks */ = {
			isa = PBXFrameworksBuildPhase;
			buildActionMask = 2147483647;
			files = (
			);
			runOnlyForDeploymentPostprocessing = 0;
		};
		063C40992407C8FA00D8999B /* Frameworks */ = {
			isa = PBXFrameworksBuildPhase;
			buildActionMask = 2147483647;
			files = (
			);
			runOnlyForDeploymentPostprocessing = 0;
		};
		063C40A42407C8FA00D8999B /* Frameworks */ = {
			isa = PBXFrameworksBuildPhase;
			buildActionMask = 2147483647;
			files = (
			);
			runOnlyForDeploymentPostprocessing = 0;
		};
/* End PBXFrameworksBuildPhase section */

/* Begin PBXGroup section */
		063C407D2407C8F600D8999B = {
			isa = PBXGroup;
			children = (
				063C40882407C8F600D8999B /* Parstagram2 */,
				063C409F2407C8FA00D8999B /* Parstagram2Tests */,
				063C40AA2407C8FA00D8999B /* Parstagram2UITests */,
				063C40872407C8F600D8999B /* Products */,
			);
			sourceTree = "<group>";
		};
		063C40872407C8F600D8999B /* Products */ = {
			isa = PBXGroup;
			children = (
				063C40862407C8F600D8999B /* Parstagram2.app */,
				063C409C2407C8FA00D8999B /* Parstagram2Tests.xctest */,
				063C40A72407C8FA00D8999B /* Parstagram2UITests.xctest */,
			);
			name = Products;
			sourceTree = "<group>";
		};
		063C40882407C8F600D8999B /* Parstagram2 */ = {
			isa = PBXGroup;
			children = (
				063C40892407C8F600D8999B /* AppDelegate.swift */,
				063C408B2407C8F600D8999B /* SceneDelegate.swift */,
				063C408D2407C8F600D8999B /* ViewController.swift */,
				063C408F2407C8F600D8999B /* Main.storyboard */,
				063C40922407C8FA00D8999B /* Assets.xcassets */,
				063C40942407C8FA00D8999B /* LaunchScreen.storyboard */,
				063C40972407C8FA00D8999B /* Info.plist */,
			);
			path = Parstagram2;
			sourceTree = "<group>";
		};
		063C409F2407C8FA00D8999B /* Parstagram2Tests */ = {
			isa = PBXGroup;
			children = (
				063C40A02407C8FA00D8999B /* Parstagram2Tests.swift */,
				063C40A22407C8FA00D8999B /* Info.plist */,
			);
			path = Parstagram2Tests;
			sourceTree = "<group>";
		};
		063C40AA2407C8FA00D8999B /* Parstagram2UITests */ = {
			isa = PBXGroup;
			children = (
				063C40AB2407C8FA00D8999B /* Parstagram2UITests.swift */,
				063C40AD2407C8FA00D8999B /* Info.plist */,
			);
			path = Parstagram2UITests;
			sourceTree = "<group>";
		};
/* End PBXGroup section */

/* Begin PBXNativeTarget section */
		063C40852407C8F600D8999B /* Parstagram2 */ = {
			isa = PBXNativeTarget;
			buildConfigurationList = 063C40B02407C8FA00D8999B /* Build configuration list for PBXNativeTarget "Parstagram2" */;
			buildPhases = (
				063C40822407C8F600D8999B /* Sources */,
				063C40832407C8F600D8999B /* Frameworks */,
				063C40842407C8F600D8999B /* Resources */,
			);
			buildRules = (
			);
			dependencies = (
			);
			name = Parstagram2;
			productName = Parstagram2;
			productReference = 063C40862407C8F600D8999B /* Parstagram2.app */;
			productType = "com.apple.product-type.application";
		};
		063C409B2407C8FA00D8999B /* Parstagram2Tests */ = {
			isa = PBXNativeTarget;
			buildConfigurationList = 063C40B32407C8FA00D8999B /* Build configuration list for PBXNativeTarget "Parstagram2Tests" */;
			buildPhases = (
				063C40982407C8FA00D8999B /* Sources */,
				063C40992407C8FA00D8999B /* Frameworks */,
				063C409A2407C8FA00D8999B /* Resources */,
			);
			buildRules = (
			);
			dependencies = (
				063C409E2407C8FA00D8999B /* PBXTargetDependency */,
			);
			name = Parstagram2Tests;
			productName = Parstagram2Tests;
			productReference = 063C409C2407C8FA00D8999B /* Parstagram2Tests.xctest */;
			productType = "com.apple.product-type.bundle.unit-test";
		};
		063C40A62407C8FA00D8999B /* Parstagram2UITests */ = {
			isa = PBXNativeTarget;
			buildConfigurationList = 063C40B62407C8FA00D8999B /* Build configuration list for PBXNativeTarget "Parstagram2UITests" */;
			buildPhases = (
				063C40A32407C8FA00D8999B /* Sources */,
				063C40A42407C8FA00D8999B /* Frameworks */,
				063C40A52407C8FA00D8999B /* Resources */,
			);
			buildRules = (
			);
			dependencies = (
				063C40A92407C8FA00D8999B /* PBXTargetDependency */,
			);
			name = Parstagram2UITests;
			productName = Parstagram2UITests;
			productReference = 063C40A72407C8FA00D8999B /* Parstagram2UITests.xctest */;
			productType = "com.apple.product-type.bundle.ui-testing";
		};
/* End PBXNativeTarget section */

/* Begin PBXProject section */
		063C407E2407C8F600D8999B /* Project object */ = {
			isa = PBXProject;
			attributes = {
				LastSwiftUpdateCheck = 1130;
				LastUpgradeCheck = 1130;
				ORGANIZATIONNAME = "faborange610@gmail.com";
				TargetAttributes = {
					063C40852407C8F600D8999B = {
						CreatedOnToolsVersion = 11.3.1;
					};
					063C409B2407C8FA00D8999B = {
						CreatedOnToolsVersion = 11.3.1;
						TestTargetID = 063C40852407C8F600D8999B;
					};
					063C40A62407C8FA00D8999B = {
						CreatedOnToolsVersion = 11.3.1;
						TestTargetID = 063C40852407C8F600D8999B;
					};
				};
			};
			buildConfigurationList = 063C40812407C8F600D8999B /* Build configuration list for PBXProject "Parstagram2" */;
			compatibilityVersion = "Xcode 9.3";
			developmentRegion = en;
			hasScannedForEncodings = 0;
			knownRegions = (
				en,
				Base,
			);
			mainGroup = 063C407D2407C8F600D8999B;
			productRefGroup = 063C40872407C8F600D8999B /* Products */;
			projectDirPath = "";
			projectRoot = "";
			targets = (
				063C40852407C8F600D8999B /* Parstagram2 */,
				063C409B2407C8FA00D8999B /* Parstagram2Tests */,
				063C40A62407C8FA00D8999B /* Parstagram2UITests */,
			);
		};
/* End PBXProject section */

/* Begin PBXResourcesBuildPhase section */
		063C40842407C8F600D8999B /* Resources */ = {
			isa = PBXResourcesBuildPhase;
			buildActionMask = 2147483647;
			files = (
				063C40962407C8FA00D8999B /* LaunchScreen.storyboard in Resources */,
				063C40932407C8FA00D8999B /* Assets.xcassets in Resources */,
				063C40912407C8F600D8999B /* Main.storyboard in Resources */,
			);
			runOnlyForDeploymentPostprocessing = 0;
		};
		063C409A2407C8FA00D8999B /* Resources */ = {
			isa = PBXResourcesBuildPhase;
			buildActionMask = 2147483647;
			files = (
			);
			runOnlyForDeploymentPostprocessing = 0;
		};
		063C40A52407C8FA00D8999B /* Resources */ = {
			isa = PBXResourcesBuildPhase;
			buildActionMask = 2147483647;
			files = (
			);
			runOnlyForDeploymentPostprocessing = 0;
		};
/* End PBXResourcesBuildPhase section */

/* Begin PBXSourcesBuildPhase section */
		063C40822407C8F600D8999B /* Sources */ = {
			isa = PBXSourcesBuildPhase;
			buildActionMask = 2147483647;
			files = (
				063C408E2407C8F600D8999B /* ViewController.swift in Sources */,
				063C408A2407C8F600D8999B /* AppDelegate.swift in Sources */,
				063C408C2407C8F600D8999B /* SceneDelegate.swift in Sources */,
			);
			runOnlyForDeploymentPostprocessing = 0;
		};
		063C40982407C8FA00D8999B /* Sources */ = {
			isa = PBXSourcesBuildPhase;
			buildActionMask = 2147483647;
			files = (
				063C40A12407C8FA00D8999B /* Parstagram2Tests.swift in Sources */,
			);
			runOnlyForDeploymentPostprocessing = 0;
		};
		063C40A32407C8FA00D8999B /* Sources */ = {
			isa = PBXSourcesBuildPhase;
			buildActionMask = 2147483647;
			files = (
				063C40AC2407C8FA00D8999B /* Parstagram2UITests.swift in Sources */,
			);
			runOnlyForDeploymentPostprocessing = 0;
		};
/* End PBXSourcesBuildPhase section */

/* Begin PBXTargetDependency section */
		063C409E2407C8FA00D8999B /* PBXTargetDependency */ = {
			isa = PBXTargetDependency;
			target = 063C40852407C8F600D8999B /* Parstagram2 */;
			targetProxy = 063C409D2407C8FA00D8999B /* PBXContainerItemProxy */;
		};
		063C40A92407C8FA00D8999B /* PBXTargetDependency */ = {
			isa = PBXTargetDependency;
			target = 063C40852407C8F600D8999B /* Parstagram2 */;
			targetProxy = 063C40A82407C8FA00D8999B /* PBXContainerItemProxy */;
		};
/* End PBXTargetDependency section */

/* Begin PBXVariantGroup section */
		063C408F2407C8F600D8999B /* Main.storyboard */ = {
			isa = PBXVariantGroup;
			children = (
				063C40902407C8F600D8999B /* Base */,
			);
			name = Main.storyboard;
			sourceTree = "<group>";
		};
		063C40942407C8FA00D8999B /* LaunchScreen.storyboard */ = {
			isa = PBXVariantGroup;
			children = (
				063C40952407C8FA00D8999B /* Base */,
			);
			name = LaunchScreen.storyboard;
			sourceTree = "<group>";
		};
/* End PBXVariantGroup section */

/* Begin XCBuildConfiguration section */
		063C40AE2407C8FA00D8999B /* Debug */ = {
			isa = XCBuildConfiguration;
			buildSettings = {
				ALWAYS_SEARCH_USER_PATHS = NO;
				CLANG_ANALYZER_NONNULL = YES;
				CLANG_ANALYZER_NUMBER_OBJECT_CONVERSION = YES_AGGRESSIVE;
				CLANG_CXX_LANGUAGE_STANDARD = "gnu++14";
				CLANG_CXX_LIBRARY = "libc++";
				CLANG_ENABLE_MODULES = YES;
				CLANG_ENABLE_OBJC_ARC = YES;
				CLANG_ENABLE_OBJC_WEAK = YES;
				CLANG_WARN_BLOCK_CAPTURE_AUTORELEASING = YES;
				CLANG_WARN_BOOL_CONVERSION = YES;
				CLANG_WARN_COMMA = YES;
				CLANG_WARN_CONSTANT_CONVERSION = YES;
				CLANG_WARN_DEPRECATED_OBJC_IMPLEMENTATIONS = YES;
				CLANG_WARN_DIRECT_OBJC_ISA_USAGE = YES_ERROR;
				CLANG_WARN_DOCUMENTATION_COMMENTS = YES;
				CLANG_WARN_EMPTY_BODY = YES;
				CLANG_WARN_ENUM_CONVERSION = YES;
				CLANG_WARN_INFINITE_RECURSION = YES;
				CLANG_WARN_INT_CONVERSION = YES;
				CLANG_WARN_NON_LITERAL_NULL_CONVERSION = YES;
				CLANG_WARN_OBJC_IMPLICIT_RETAIN_SELF = YES;
				CLANG_WARN_OBJC_LITERAL_CONVERSION = YES;
				CLANG_WARN_OBJC_ROOT_CLASS = YES_ERROR;
				CLANG_WARN_RANGE_LOOP_ANALYSIS = YES;
				CLANG_WARN_STRICT_PROTOTYPES = YES;
				CLANG_WARN_SUSPICIOUS_MOVE = YES;
				CLANG_WARN_UNGUARDED_AVAILABILITY = YES_AGGRESSIVE;
				CLANG_WARN_UNREACHABLE_CODE = YES;
				CLANG_WARN__DUPLICATE_METHOD_MATCH = YES;
				COPY_PHASE_STRIP = NO;
				DEBUG_INFORMATION_FORMAT = dwarf;
				ENABLE_STRICT_OBJC_MSGSEND = YES;
				ENABLE_TESTABILITY = YES;
				GCC_C_LANGUAGE_STANDARD = gnu11;
				GCC_DYNAMIC_NO_PIC = NO;
				GCC_NO_COMMON_BLOCKS = YES;
				GCC_OPTIMIZATION_LEVEL = 0;
				GCC_PREPROCESSOR_DEFINITIONS = (
					"DEBUG=1",
					"$(inherited)",
				);
				GCC_WARN_64_TO_32_BIT_CONVERSION = YES;
				GCC_WARN_ABOUT_RETURN_TYPE = YES_ERROR;
				GCC_WARN_UNDECLARED_SELECTOR = YES;
				GCC_WARN_UNINITIALIZED_AUTOS = YES_AGGRESSIVE;
				GCC_WARN_UNUSED_FUNCTION = YES;
				GCC_WARN_UNUSED_VARIABLE = YES;
				IPHONEOS_DEPLOYMENT_TARGET = 13.2;
				MTL_ENABLE_DEBUG_INFO = INCLUDE_SOURCE;
				MTL_FAST_MATH = YES;
				ONLY_ACTIVE_ARCH = YES;
				SDKROOT = iphoneos;
				SWIFT_ACTIVE_COMPILATION_CONDITIONS = DEBUG;
				SWIFT_OPTIMIZATION_LEVEL = "-Onone";
			};
			name = Debug;
		};
		063C40AF2407C8FA00D8999B /* Release */ = {
			isa = XCBuildConfiguration;
			buildSettings = {
				ALWAYS_SEARCH_USER_PATHS = NO;
				CLANG_ANALYZER_NONNULL = YES;
				CLANG_ANALYZER_NUMBER_OBJECT_CONVERSION = YES_AGGRESSIVE;
				CLANG_CXX_LANGUAGE_STANDARD = "gnu++14";
				CLANG_CXX_LIBRARY = "libc++";
				CLANG_ENABLE_MODULES = YES;
				CLANG_ENABLE_OBJC_ARC = YES;
				CLANG_ENABLE_OBJC_WEAK = YES;
				CLANG_WARN_BLOCK_CAPTURE_AUTORELEASING = YES;
				CLANG_WARN_BOOL_CONVERSION = YES;
				CLANG_WARN_COMMA = YES;
				CLANG_WARN_CONSTANT_CONVERSION = YES;
				CLANG_WARN_DEPRECATED_OBJC_IMPLEMENTATIONS = YES;
				CLANG_WARN_DIRECT_OBJC_ISA_USAGE = YES_ERROR;
				CLANG_WARN_DOCUMENTATION_COMMENTS = YES;
				CLANG_WARN_EMPTY_BODY = YES;
				CLANG_WARN_ENUM_CONVERSION = YES;
				CLANG_WARN_INFINITE_RECURSION = YES;
				CLANG_WARN_INT_CONVERSION = YES;
				CLANG_WARN_NON_LITERAL_NULL_CONVERSION = YES;
				CLANG_WARN_OBJC_IMPLICIT_RETAIN_SELF = YES;
				CLANG_WARN_OBJC_LITERAL_CONVERSION = YES;
				CLANG_WARN_OBJC_ROOT_CLASS = YES_ERROR;
				CLANG_WARN_RANGE_LOOP_ANALYSIS = YES;
				CLANG_WARN_STRICT_PROTOTYPES = YES;
				CLANG_WARN_SUSPICIOUS_MOVE = YES;
				CLANG_WARN_UNGUARDED_AVAILABILITY = YES_AGGRESSIVE;
				CLANG_WARN_UNREACHABLE_CODE = YES;
				CLANG_WARN__DUPLICATE_METHOD_MATCH = YES;
				COPY_PHASE_STRIP = NO;
				DEBUG_INFORMATION_FORMAT = "dwarf-with-dsym";
				ENABLE_NS_ASSERTIONS = NO;
				ENABLE_STRICT_OBJC_MSGSEND = YES;
				GCC_C_LANGUAGE_STANDARD = gnu11;
				GCC_NO_COMMON_BLOCKS = YES;
				GCC_WARN_64_TO_32_BIT_CONVERSION = YES;
				GCC_WARN_ABOUT_RETURN_TYPE = YES_ERROR;
				GCC_WARN_UNDECLARED_SELECTOR = YES;
				GCC_WARN_UNINITIALIZED_AUTOS = YES_AGGRESSIVE;
				GCC_WARN_UNUSED_FUNCTION = YES;
				GCC_WARN_UNUSED_VARIABLE = YES;
				IPHONEOS_DEPLOYMENT_TARGET = 13.2;
				MTL_ENABLE_DEBUG_INFO = NO;
				MTL_FAST_MATH = YES;
				SDKROOT = iphoneos;
				SWIFT_COMPILATION_MODE = wholemodule;
				SWIFT_OPTIMIZATION_LEVEL = "-O";
				VALIDATE_PRODUCT = YES;
			};
			name = Release;
		};
		063C40B12407C8FA00D8999B /* Debug */ = {
			isa = XCBuildConfiguration;
			buildSettings = {
				ASSETCATALOG_COMPILER_APPICON_NAME = AppIcon;
				CODE_SIGN_STYLE = Automatic;
				DEVELOPMENT_TEAM = 7KUJCW2Z58;
				INFOPLIST_FILE = Parstagram2/Info.plist;
				LD_RUNPATH_SEARCH_PATHS = (
					"$(inherited)",
					"@executable_path/Frameworks",
				);
				PRODUCT_BUNDLE_IDENTIFIER = CopePath.Parstagram2;
				PRODUCT_NAME = "$(TARGET_NAME)";
				SWIFT_VERSION = 5.0;
				TARGETED_DEVICE_FAMILY = "1,2";
			};
			name = Debug;
		};
		063C40B22407C8FA00D8999B /* Release */ = {
			isa = XCBuildConfiguration;
			buildSettings = {
				ASSETCATALOG_COMPILER_APPICON_NAME = AppIcon;
				CODE_SIGN_STYLE = Automatic;
				DEVELOPMENT_TEAM = 7KUJCW2Z58;
				INFOPLIST_FILE = Parstagram2/Info.plist;
				LD_RUNPATH_SEARCH_PATHS = (
					"$(inherited)",
					"@executable_path/Frameworks",
				);
				PRODUCT_BUNDLE_IDENTIFIER = CopePath.Parstagram2;
				PRODUCT_NAME = "$(TARGET_NAME)";
				SWIFT_VERSION = 5.0;
				TARGETED_DEVICE_FAMILY = "1,2";
			};
			name = Release;
		};
		063C40B42407C8FA00D8999B /* Debug */ = {
			isa = XCBuildConfiguration;
			buildSettings = {
				ALWAYS_EMBED_SWIFT_STANDARD_LIBRARIES = YES;
				BUNDLE_LOADER = "$(TEST_HOST)";
				CODE_SIGN_STYLE = Automatic;
				DEVELOPMENT_TEAM = 7KUJCW2Z58;
				INFOPLIST_FILE = Parstagram2Tests/Info.plist;
				IPHONEOS_DEPLOYMENT_TARGET = 13.2;
				LD_RUNPATH_SEARCH_PATHS = (
					"$(inherited)",
					"@executable_path/Frameworks",
					"@loader_path/Frameworks",
				);
				PRODUCT_BUNDLE_IDENTIFIER = CopePath.Parstagram2Tests;
				PRODUCT_NAME = "$(TARGET_NAME)";
				SWIFT_VERSION = 5.0;
				TARGETED_DEVICE_FAMILY = "1,2";
				TEST_HOST = "$(BUILT_PRODUCTS_DIR)/Parstagram2.app/Parstagram2";
			};
			name = Debug;
		};
		063C40B52407C8FA00D8999B /* Release */ = {
			isa = XCBuildConfiguration;
			buildSettings = {
				ALWAYS_EMBED_SWIFT_STANDARD_LIBRARIES = YES;
				BUNDLE_LOADER = "$(TEST_HOST)";
				CODE_SIGN_STYLE = Automatic;
				DEVELOPMENT_TEAM = 7KUJCW2Z58;
				INFOPLIST_FILE = Parstagram2Tests/Info.plist;
				IPHONEOS_DEPLOYMENT_TARGET = 13.2;
				LD_RUNPATH_SEARCH_PATHS = (
					"$(inherited)",
					"@executable_path/Frameworks",
					"@loader_path/Frameworks",
				);
				PRODUCT_BUNDLE_IDENTIFIER = CopePath.Parstagram2Tests;
				PRODUCT_NAME = "$(TARGET_NAME)";
				SWIFT_VERSION = 5.0;
				TARGETED_DEVICE_FAMILY = "1,2";
				TEST_HOST = "$(BUILT_PRODUCTS_DIR)/Parstagram2.app/Parstagram2";
			};
			name = Release;
		};
		063C40B72407C8FA00D8999B /* Debug */ = {
			isa = XCBuildConfiguration;
			buildSettings = {
				ALWAYS_EMBED_SWIFT_STANDARD_LIBRARIES = YES;
				CODE_SIGN_STYLE = Automatic;
				DEVELOPMENT_TEAM = 7KUJCW2Z58;
				INFOPLIST_FILE = Parstagram2UITests/Info.plist;
				LD_RUNPATH_SEARCH_PATHS = (
					"$(inherited)",
					"@executable_path/Frameworks",
					"@loader_path/Frameworks",
				);
				PRODUCT_BUNDLE_IDENTIFIER = CopePath.Parstagram2UITests;
				PRODUCT_NAME = "$(TARGET_NAME)";
				SWIFT_VERSION = 5.0;
				TARGETED_DEVICE_FAMILY = "1,2";
				TEST_TARGET_NAME = Parstagram2;
			};
			name = Debug;
		};
		063C40B82407C8FA00D8999B /* Release */ = {
			isa = XCBuildConfiguration;
			buildSettings = {
				ALWAYS_EMBED_SWIFT_STANDARD_LIBRARIES = YES;
				CODE_SIGN_STYLE = Automatic;
				DEVELOPMENT_TEAM = 7KUJCW2Z58;
				INFOPLIST_FILE = Parstagram2UITests/Info.plist;
				LD_RUNPATH_SEARCH_PATHS = (
					"$(inherited)",
					"@executable_path/Frameworks",
					"@loader_path/Frameworks",
				);
				PRODUCT_BUNDLE_IDENTIFIER = CopePath.Parstagram2UITests;
				PRODUCT_NAME = "$(TARGET_NAME)";
				SWIFT_VERSION = 5.0;
				TARGETED_DEVICE_FAMILY = "1,2";
				TEST_TARGET_NAME = Parstagram2;
			};
			name = Release;
		};
/* End XCBuildConfiguration section */

/* Begin XCConfigurationList section */
		063C40812407C8F600D8999B /* Build configuration list for PBXProject "Parstagram2" */ = {
			isa = XCConfigurationList;
			buildConfigurations = (
				063C40AE2407C8FA00D8999B /* Debug */,
				063C40AF2407C8FA00D8999B /* Release */,
			);
			defaultConfigurationIsVisible = 0;
			defaultConfigurationName = Release;
		};
		063C40B02407C8FA00D8999B /* Build configuration list for PBXNativeTarget "Parstagram2" */ = {
			isa = XCConfigurationList;
			buildConfigurations = (
				063C40B12407C8FA00D8999B /* Debug */,
				063C40B22407C8FA00D8999B /* Release */,
			);
			defaultConfigurationIsVisible = 0;
			defaultConfigurationName = Release;
		};
		063C40B32407C8FA00D8999B /* Build configuration list for PBXNativeTarget "Parstagram2Tests" */ = {
			isa = XCConfigurationList;
			buildConfigurations = (
				063C40B42407C8FA00D8999B /* Debug */,
				063C40B52407C8FA00D8999B /* Release */,
			);
			defaultConfigurationIsVisible = 0;
			defaultConfigurationName = Release;
		};
		063C40B62407C8FA00D8999B /* Build configuration list for PBXNativeTarget "Parstagram2UITests" */ = {
			isa = XCConfigurationList;
			buildConfigurations = (
				063C40B72407C8FA00D8999B /* Debug */,
				063C40B82407C8FA00D8999B /* Release */,
			);
			defaultConfigurationIsVisible = 0;
			defaultConfigurationName = Release;
		};
/* End XCConfigurationList section */
	};
	rootObject = 063C407E2407C8F600D8999B /* Project object */;
}
